// !$*UTF8*$!
{
	archiveVersion = 1;
	classes = {
	};
	objectVersion = 50;
	objects = {

/* Begin PBXBuildFile section */
		AC4FC15D23AA6C2200DD5876 /* QuestionsModel.swift in Sources */ = {isa = PBXBuildFile; fileRef = AC4FC15C23AA6C2200DD5876 /* QuestionsModel.swift */; };
		ACA68D462395435300FCFFA2 /* AppDelegate.swift in Sources */ = {isa = PBXBuildFile; fileRef = ACA68D452395435300FCFFA2 /* AppDelegate.swift */; };
		ACA68D482395435300FCFFA2 /* SceneDelegate.swift in Sources */ = {isa = PBXBuildFile; fileRef = ACA68D472395435300FCFFA2 /* SceneDelegate.swift */; };
		ACA68D4A2395435300FCFFA2 /* ViewController.swift in Sources */ = {isa = PBXBuildFile; fileRef = ACA68D492395435300FCFFA2 /* ViewController.swift */; };
		ACA68D4D2395435300FCFFA2 /* Main.storyboard in Resources */ = {isa = PBXBuildFile; fileRef = ACA68D4B2395435300FCFFA2 /* Main.storyboard */; };
		ACA68D4F2395435500FCFFA2 /* Assets.xcassets in Resources */ = {isa = PBXBuildFile; fileRef = ACA68D4E2395435500FCFFA2 /* Assets.xcassets */; };
		ACA68D522395435500FCFFA2 /* LaunchScreen.storyboard in Resources */ = {isa = PBXBuildFile; fileRef = ACA68D502395435500FCFFA2 /* LaunchScreen.storyboard */; };
		ACA68D5E2395630300FCFFA2 /* NextViewController.swift in Sources */ = {isa = PBXBuildFile; fileRef = ACA68D5D2395630300FCFFA2 /* NextViewController.swift */; };
		ACB790FA23ABBEE100C3BA94 /* QuestionsList.swift in Sources */ = {isa = PBXBuildFile; fileRef = ACB790F923ABBEE100C3BA94 /* QuestionsList.swift */; };
		ACB7910023AF9F5B00C3BA94 /* pinpon.mp3 in Resources */ = {isa = PBXBuildFile; fileRef = ACB790FF23AF9F5B00C3BA94 /* pinpon.mp3 */; };
		ACB7910223AF9F6200C3BA94 /* bubu.mp3 in Resources */ = {isa = PBXBuildFile; fileRef = ACB7910123AF9F6200C3BA94 /* bubu.mp3 */; };
		ACB7910423AFA17700C3BA94 /* Sound.swift in Sources */ = {isa = PBXBuildFile; fileRef = ACB7910323AFA17700C3BA94 /* Sound.swift */; };
		ACB7910723B0F7FF00C3BA94 /* StartViewController.swift in Sources */ = {isa = PBXBuildFile; fileRef = ACB7910623B0F7FF00C3BA94 /* StartViewController.swift */; };
/* End PBXBuildFile section */

/* Begin PBXFileReference section */
		AC4FC15C23AA6C2200DD5876 /* QuestionsModel.swift */ = {isa = PBXFileReference; lastKnownFileType = sourcecode.swift; path = QuestionsModel.swift; sourceTree = "<group>"; };
		ACA68D422395435300FCFFA2 /* 内田王は誰だ？.app */ = {isa = PBXFileReference; explicitFileType = wrapper.application; includeInIndex = 0; path = "内田王は誰だ？.app"; sourceTree = BUILT_PRODUCTS_DIR; };
		ACA68D452395435300FCFFA2 /* AppDelegate.swift */ = {isa = PBXFileReference; lastKnownFileType = sourcecode.swift; path = AppDelegate.swift; sourceTree = "<group>"; };
		ACA68D472395435300FCFFA2 /* SceneDelegate.swift */ = {isa = PBXFileReference; lastKnownFileType = sourcecode.swift; path = SceneDelegate.swift; sourceTree = "<group>"; };
		ACA68D492395435300FCFFA2 /* ViewController.swift */ = {isa = PBXFileReference; lastKnownFileType = sourcecode.swift; path = ViewController.swift; sourceTree = "<group>"; };
		ACA68D4C2395435300FCFFA2 /* Base */ = {isa = PBXFileReference; lastKnownFileType = file.storyboard; name = Base; path = Base.lproj/Main.storyboard; sourceTree = "<group>"; };
		ACA68D4E2395435500FCFFA2 /* Assets.xcassets */ = {isa = PBXFileReference; lastKnownFileType = folder.assetcatalog; path = Assets.xcassets; sourceTree = "<group>"; };
		ACA68D512395435500FCFFA2 /* Base */ = {isa = PBXFileReference; lastKnownFileType = file.storyboard; name = Base; path = Base.lproj/LaunchScreen.storyboard; sourceTree = "<group>"; };
		ACA68D532395435500FCFFA2 /* Info.plist */ = {isa = PBXFileReference; lastKnownFileType = text.plist.xml; path = Info.plist; sourceTree = "<group>"; };
		ACA68D5D2395630300FCFFA2 /* NextViewController.swift */ = {isa = PBXFileReference; lastKnownFileType = sourcecode.swift; path = NextViewController.swift; sourceTree = "<group>"; };
		ACB790F923ABBEE100C3BA94 /* QuestionsList.swift */ = {isa = PBXFileReference; lastKnownFileType = sourcecode.swift; path = QuestionsList.swift; sourceTree = "<group>"; };
		ACB790FF23AF9F5B00C3BA94 /* pinpon.mp3 */ = {isa = PBXFileReference; lastKnownFileType = audio.mp3; path = pinpon.mp3; sourceTree = "<group>"; };
		ACB7910123AF9F6200C3BA94 /* bubu.mp3 */ = {isa = PBXFileReference; lastKnownFileType = audio.mp3; path = bubu.mp3; sourceTree = "<group>"; };
		ACB7910323AFA17700C3BA94 /* Sound.swift */ = {isa = PBXFileReference; lastKnownFileType = sourcecode.swift; path = Sound.swift; sourceTree = "<group>"; };
		ACB7910623B0F7FF00C3BA94 /* StartViewController.swift */ = {isa = PBXFileReference; lastKnownFileType = sourcecode.swift; path = StartViewController.swift; sourceTree = "<group>"; };
		ACB7910823B3B90000C3BA94 /* togalite-black.otf */ = {isa = PBXFileReference; lastKnownFileType = file; path = "togalite-black.otf"; sourceTree = "<group>"; };
/* End PBXFileReference section */

/* Begin PBXFrameworksBuildPhase section */
		ACA68D3F2395435300FCFFA2 /* Frameworks */ = {
			isa = PBXFrameworksBuildPhase;
			buildActionMask = 2147483647;
			files = (
			);
			runOnlyForDeploymentPostprocessing = 0;
		};
/* End PBXFrameworksBuildPhase section */

/* Begin PBXGroup section */
		ACA68D392395435300FCFFA2 = {
			isa = PBXGroup;
			children = (
				ACA68D442395435300FCFFA2 /* introduce */,
				ACA68D432395435300FCFFA2 /* Products */,
			);
			sourceTree = "<group>";
		};
		ACA68D432395435300FCFFA2 /* Products */ = {
			isa = PBXGroup;
			children = (
				ACA68D422395435300FCFFA2 /* 内田王は誰だ？.app */,
			);
			name = Products;
			sourceTree = "<group>";
		};
		ACA68D442395435300FCFFA2 /* introduce */ = {
			isa = PBXGroup;
			children = (
				ACA68D5A239555BA00FCFFA2 /* model */,
				ACA68D5B239555DF00FCFFA2 /* view */,
				ACA68D5C239555E700FCFFA2 /* controller */,
				ACA68D502395435500FCFFA2 /* LaunchScreen.storyboard */,
				ACA68D532395435500FCFFA2 /* Info.plist */,
				ACB7910123AF9F6200C3BA94 /* bubu.mp3 */,
				ACB7910823B3B90000C3BA94 /* togalite-black.otf */,
				ACB790FF23AF9F5B00C3BA94 /* pinpon.mp3 */,
			);
			path = introduce;
			sourceTree = "<group>";
		};
		ACA68D5A239555BA00FCFFA2 /* model */ = {
			isa = PBXGroup;
			children = (
				AC4FC15C23AA6C2200DD5876 /* QuestionsModel.swift */,
				ACB790F923ABBEE100C3BA94 /* QuestionsList.swift */,
				ACB7910323AFA17700C3BA94 /* Sound.swift */,
			);
			path = model;
			sourceTree = "<group>";
		};
		ACA68D5B239555DF00FCFFA2 /* view */ = {
			isa = PBXGroup;
			children = (
				ACA68D4E2395435500FCFFA2 /* Assets.xcassets */,
				ACA68D4B2395435300FCFFA2 /* Main.storyboard */,
			);
			path = view;
			sourceTree = "<group>";
		};
		ACA68D5C239555E700FCFFA2 /* controller */ = {
			isa = PBXGroup;
			children = (
				ACA68D452395435300FCFFA2 /* AppDelegate.swift */,
				ACA68D472395435300FCFFA2 /* SceneDelegate.swift */,
				ACB7910623B0F7FF00C3BA94 /* StartViewController.swift */,
				ACA68D492395435300FCFFA2 /* ViewController.swift */,
				ACA68D5D2395630300FCFFA2 /* NextViewController.swift */,
			);
			path = controller;
			sourceTree = "<group>";
		};
/* End PBXGroup section */

/* Begin PBXNativeTarget section */
		ACA68D412395435300FCFFA2 /* introduce */ = {
			isa = PBXNativeTarget;
			buildConfigurationList = ACA68D562395435500FCFFA2 /* Build configuration list for PBXNativeTarget "introduce" */;
			buildPhases = (
				ACA68D3E2395435300FCFFA2 /* Sources */,
				ACA68D3F2395435300FCFFA2 /* Frameworks */,
				ACA68D402395435300FCFFA2 /* Resources */,
			);
			buildRules = (
			);
			dependencies = (
			);
			name = introduce;
			productName = introduce;
			productReference = ACA68D422395435300FCFFA2 /* 内田王は誰だ？.app */;
			productType = "com.apple.product-type.application";
		};
/* End PBXNativeTarget section */

/* Begin PBXProject section */
		ACA68D3A2395435300FCFFA2 /* Project object */ = {
			isa = PBXProject;
			attributes = {
				LastSwiftUpdateCheck = 1120;
				LastUpgradeCheck = 1120;
				ORGANIZATIONNAME = yuta;
				TargetAttributes = {
					ACA68D412395435300FCFFA2 = {
						CreatedOnToolsVersion = 11.2;
					};
				};
			};
			buildConfigurationList = ACA68D3D2395435300FCFFA2 /* Build configuration list for PBXProject "introduce" */;
			compatibilityVersion = "Xcode 9.3";
			developmentRegion = en;
			hasScannedForEncodings = 0;
			knownRegions = (
				en,
				Base,
			);
			mainGroup = ACA68D392395435300FCFFA2;
			productRefGroup = ACA68D432395435300FCFFA2 /* Products */;
			projectDirPath = "";
			projectRoot = "";
			targets = (
				ACA68D412395435300FCFFA2 /* introduce */,
			);
		};
/* End PBXProject section */

/* Begin PBXResourcesBuildPhase section */
		ACA68D402395435300FCFFA2 /* Resources */ = {
			isa = PBXResourcesBuildPhase;
			buildActionMask = 2147483647;
			files = (
				ACA68D522395435500FCFFA2 /* LaunchScreen.storyboard in Resources */,
				ACB7910223AF9F6200C3BA94 /* bubu.mp3 in Resources */,
				ACA68D4F2395435500FCFFA2 /* Assets.xcassets in Resources */,
				ACA68D4D2395435300FCFFA2 /* Main.storyboard in Resources */,
				ACB7910023AF9F5B00C3BA94 /* pinpon.mp3 in Resources */,
			);
			runOnlyForDeploymentPostprocessing = 0;
		};
/* End PBXResourcesBuildPhase section */

/* Begin PBXSourcesBuildPhase section */
		ACA68D3E2395435300FCFFA2 /* Sources */ = {
			isa = PBXSourcesBuildPhase;
			buildActionMask = 2147483647;
			files = (
				ACB7910423AFA17700C3BA94 /* Sound.swift in Sources */,
				ACB7910723B0F7FF00C3BA94 /* StartViewController.swift in Sources */,
				ACA68D4A2395435300FCFFA2 /* ViewController.swift in Sources */,
				ACB790FA23ABBEE100C3BA94 /* QuestionsList.swift in Sources */,
				AC4FC15D23AA6C2200DD5876 /* QuestionsModel.swift in Sources */,
				ACA68D5E2395630300FCFFA2 /* NextViewController.swift in Sources */,
				ACA68D462395435300FCFFA2 /* AppDelegate.swift in Sources */,
				ACA68D482395435300FCFFA2 /* SceneDelegate.swift in Sources */,
			);
			runOnlyForDeploymentPostprocessing = 0;
		};
/* End PBXSourcesBuildPhase section */

/* Begin PBXVariantGroup section */
		ACA68D4B2395435300FCFFA2 /* Main.storyboard */ = {
			isa = PBXVariantGroup;
			children = (
				ACA68D4C2395435300FCFFA2 /* Base */,
			);
			name = Main.storyboard;
			sourceTree = "<group>";
		};
		ACA68D502395435500FCFFA2 /* LaunchScreen.storyboard */ = {
			isa = PBXVariantGroup;
			children = (
				ACA68D512395435500FCFFA2 /* Base */,
			);
			name = LaunchScreen.storyboard;
			sourceTree = "<group>";
		};
/* End PBXVariantGroup section */

/* Begin XCBuildConfiguration section */
		ACA68D542395435500FCFFA2 /* Debug */ = {
			isa = XCBuildConfiguration;
			buildSettings = {
				ALWAYS_SEARCH_USER_PATHS = NO;
				CLANG_ANALYZER_NONNULL = YES;
				CLANG_ANALYZER_NUMBER_OBJECT_CONVERSION = YES_AGGRESSIVE;
				CLANG_CXX_LANGUAGE_STANDARD = "gnu++14";
				CLANG_CXX_LIBRARY = "libc++";
				CLANG_ENABLE_MODULES = YES;
				CLANG_ENABLE_OBJC_ARC = YES;
				CLANG_ENABLE_OBJC_WEAK = YES;
				CLANG_WARN_BLOCK_CAPTURE_AUTORELEASING = YES;
				CLANG_WARN_BOOL_CONVERSION = YES;
				CLANG_WARN_COMMA = YES;
				CLANG_WARN_CONSTANT_CONVERSION = YES;
				CLANG_WARN_DEPRECATED_OBJC_IMPLEMENTATIONS = YES;
				CLANG_WARN_DIRECT_OBJC_ISA_USAGE = YES_ERROR;
				CLANG_WARN_DOCUMENTATION_COMMENTS = YES;
				CLANG_WARN_EMPTY_BODY = YES;
				CLANG_WARN_ENUM_CONVERSION = YES;
				CLANG_WARN_INFINITE_RECURSION = YES;
				CLANG_WARN_INT_CONVERSION = YES;
				CLANG_WARN_NON_LITERAL_NULL_CONVERSION = YES;
				CLANG_WARN_OBJC_IMPLICIT_RETAIN_SELF = YES;
				CLANG_WARN_OBJC_LITERAL_CONVERSION = YES;
				CLANG_WARN_OBJC_ROOT_CLASS = YES_ERROR;
				CLANG_WARN_RANGE_LOOP_ANALYSIS = YES;
				CLANG_WARN_STRICT_PROTOTYPES = YES;
				CLANG_WARN_SUSPICIOUS_MOVE = YES;
				CLANG_WARN_UNGUARDED_AVAILABILITY = YES_AGGRESSIVE;
				CLANG_WARN_UNREACHABLE_CODE = YES;
				CLANG_WARN__DUPLICATE_METHOD_MATCH = YES;
				COPY_PHASE_STRIP = NO;
				DEBUG_INFORMATION_FORMAT = dwarf;
				ENABLE_STRICT_OBJC_MSGSEND = YES;
				ENABLE_TESTABILITY = YES;
				GCC_C_LANGUAGE_STANDARD = gnu11;
				GCC_DYNAMIC_NO_PIC = NO;
				GCC_NO_COMMON_BLOCKS = YES;
				GCC_OPTIMIZATION_LEVEL = 0;
				GCC_PREPROCESSOR_DEFINITIONS = (
					"DEBUG=1",
					"$(inherited)",
				);
				GCC_WARN_64_TO_32_BIT_CONVERSION = YES;
				GCC_WARN_ABOUT_RETURN_TYPE = YES_ERROR;
				GCC_WARN_UNDECLARED_SELECTOR = YES;
				GCC_WARN_UNINITIALIZED_AUTOS = YES_AGGRESSIVE;
				GCC_WARN_UNUSED_FUNCTION = YES;
				GCC_WARN_UNUSED_VARIABLE = YES;
				IPHONEOS_DEPLOYMENT_TARGET = 13.2;
				MTL_ENABLE_DEBUG_INFO = INCLUDE_SOURCE;
				MTL_FAST_MATH = YES;
				ONLY_ACTIVE_ARCH = YES;
				SDKROOT = iphoneos;
				SWIFT_ACTIVE_COMPILATION_CONDITIONS = DEBUG;
				SWIFT_OPTIMIZATION_LEVEL = "-Onone";
			};
			name = Debug;
		};
		ACA68D552395435500FCFFA2 /* Release */ = {
			isa = XCBuildConfiguration;
			buildSettings = {
				ALWAYS_SEARCH_USER_PATHS = NO;
				CLANG_ANALYZER_NONNULL = YES;
				CLANG_ANALYZER_NUMBER_OBJECT_CONVERSION = YES_AGGRESSIVE;
				CLANG_CXX_LANGUAGE_STANDARD = "gnu++14";
				CLANG_CXX_LIBRARY = "libc++";
				CLANG_ENABLE_MODULES = YES;
				CLANG_ENABLE_OBJC_ARC = YES;
				CLANG_ENABLE_OBJC_WEAK = YES;
				CLANG_WARN_BLOCK_CAPTURE_AUTORELEASING = YES;
				CLANG_WARN_BOOL_CONVERSION = YES;
				CLANG_WARN_COMMA = YES;
				CLANG_WARN_CONSTANT_CONVERSION = YES;
				CLANG_WARN_DEPRECATED_OBJC_IMPLEMENTATIONS = YES;
				CLANG_WARN_DIRECT_OBJC_ISA_USAGE = YES_ERROR;
				CLANG_WARN_DOCUMENTATION_COMMENTS = YES;
				CLANG_WARN_EMPTY_BODY = YES;
				CLANG_WARN_ENUM_CONVERSION = YES;
				CLANG_WARN_INFINITE_RECURSION = YES;
				CLANG_WARN_INT_CONVERSION = YES;
				CLANG_WARN_NON_LITERAL_NULL_CONVERSION = YES;
				CLANG_WARN_OBJC_IMPLICIT_RETAIN_SELF = YES;
				CLANG_WARN_OBJC_LITERAL_CONVERSION = YES;
				CLANG_WARN_OBJC_ROOT_CLASS = YES_ERROR;
				CLANG_WARN_RANGE_LOOP_ANALYSIS = YES;
				CLANG_WARN_STRICT_PROTOTYPES = YES;
				CLANG_WARN_SUSPICIOUS_MOVE = YES;
				CLANG_WARN_UNGUARDED_AVAILABILITY = YES_AGGRESSIVE;
				CLANG_WARN_UNREACHABLE_CODE = YES;
				CLANG_WARN__DUPLICATE_METHOD_MATCH = YES;
				COPY_PHASE_STRIP = NO;
				DEBUG_INFORMATION_FORMAT = "dwarf-with-dsym";
				ENABLE_NS_ASSERTIONS = NO;
				ENABLE_STRICT_OBJC_MSGSEND = YES;
				GCC_C_LANGUAGE_STANDARD = gnu11;
				GCC_NO_COMMON_BLOCKS = YES;
				GCC_WARN_64_TO_32_BIT_CONVERSION = YES;
				GCC_WARN_ABOUT_RETURN_TYPE = YES_ERROR;
				GCC_WARN_UNDECLARED_SELECTOR = YES;
				GCC_WARN_UNINITIALIZED_AUTOS = YES_AGGRESSIVE;
				GCC_WARN_UNUSED_FUNCTION = YES;
				GCC_WARN_UNUSED_VARIABLE = YES;
				IPHONEOS_DEPLOYMENT_TARGET = 13.2;
				MTL_ENABLE_DEBUG_INFO = NO;
				MTL_FAST_MATH = YES;
				SDKROOT = iphoneos;
				SWIFT_COMPILATION_MODE = wholemodule;
				SWIFT_OPTIMIZATION_LEVEL = "-O";
				VALIDATE_PRODUCT = YES;
			};
			name = Release;
		};
		ACA68D572395435500FCFFA2 /* Debug */ = {
			isa = XCBuildConfiguration;
			buildSettings = {
				ASSETCATALOG_COMPILER_APPICON_NAME = AppIcon;
				CODE_SIGN_STYLE = Automatic;
				DEVELOPMENT_TEAM = WUPSWQBD52;
				INFOPLIST_FILE = introduce/Info.plist;
				LD_RUNPATH_SEARCH_PATHS = (
					"$(inherited)",
					"@executable_path/Frameworks",
				);
				PRODUCT_BUNDLE_IDENTIFIER = com.yuta.introduce;
				PRODUCT_NAME = "内田王は誰だ？";
				SWIFT_VERSION = 5.0;
				TARGETED_DEVICE_FAMILY = "1,2";
			};
			name = Debug;
		};
		ACA68D582395435500FCFFA2 /* Release */ = {
			isa = XCBuildConfiguration;
			buildSettings = {
				ASSETCATALOG_COMPILER_APPICON_NAME = AppIcon;
				CODE_SIGN_STYLE = Automatic;
				DEVELOPMENT_TEAM = WUPSWQBD52;
				INFOPLIST_FILE = introduce/Info.plist;
				LD_RUNPATH_SEARCH_PATHS = (
					"$(inherited)",
					"@executable_path/Frameworks",
				);
				PRODUCT_BUNDLE_IDENTIFIER = com.yuta.introduce;
				PRODUCT_NAME = "内田王は誰だ？";
				SWIFT_VERSION = 5.0;
				TARGETED_DEVICE_FAMILY = "1,2";
			};
			name = Release;
		};
/* End XCBuildConfiguration section */

/* Begin XCConfigurationList section */
		ACA68D3D2395435300FCFFA2 /* Build configuration list for PBXProject "introduce" */ = {
			isa = XCConfigurationList;
			buildConfigurations = (
				ACA68D542395435500FCFFA2 /* Debug */,
				ACA68D552395435500FCFFA2 /* Release */,
			);
			defaultConfigurationIsVisible = 0;
			defaultConfigurationName = Release;
		};
		ACA68D562395435500FCFFA2 /* Build configuration list for PBXNativeTarget "introduce" */ = {
			isa = XCConfigurationList;
			buildConfigurations = (
				ACA68D572395435500FCFFA2 /* Debug */,
				ACA68D582395435500FCFFA2 /* Release */,
			);
			defaultConfigurationIsVisible = 0;
			defaultConfigurationName = Release;
		};
/* End XCConfigurationList section */
	};
	rootObject = ACA68D3A2395435300FCFFA2 /* Project object */;
}
